
Microsoft Visual Studio Solution File, Format Version 12.00
# Visual Studio Version 16
VisualStudioVersion = 16.0.30611.23
MinimumVisualStudioVersion = 10.0.40219.1
Project("{FAE04EC0-301F-11D3-BF4B-00C04F79EFBC}") = "lab05-03", "lab05-03.csproj", "{7B224408-7E16-41DE-BB94-C116423C2D4D}"
EndProject
Global
	GlobalSection(SolutionConfigurationPlatforms) = preSolution
		Debug|Any CPU = Debug|Any CPU
		Release|Any CPU = Release|Any CPU
	EndGlobalSection
	GlobalSection(ProjectConfigurationPlatforms) = postSolution
		{7B224408-7E16-41DE-BB94-C116423C2D4D}.Debug|Any CPU.ActiveCfg = Debug|Any CPU
		{7B224408-7E16-41DE-BB94-C116423C2D4D}.Debug|Any CPU.Build.0 = Debug|Any CPU
		{7B224408-7E16-41DE-BB94-C116423C2D4D}.Release|Any CPU.ActiveCfg = Release|Any CPU
		{7B224408-7E16-41DE-BB94-C116423C2D4D}.Release|Any CPU.Build.0 = Release|Any CPU
	EndGlobalSection
	GlobalSection(SolutionProperties) = preSolution
		HideSolutionNode = FALSE
	EndGlobalSection
	GlobalSection(ExtensibilityGlobals) = postSolution
		SolutionGuid = {2307915A-BBD4-48F2-A232-FB54F751A13C}
	EndGlobalSection
EndGlobal
