
Microsoft Visual Studio Solution File, Format Version 12.00
# Visual Studio Version 16
VisualStudioVersion = 16.0.30611.23
MinimumVisualStudioVersion = 10.0.40219.1
Project("{FAE04EC0-301F-11D3-BF4B-00C04F79EFBC}") = "lab06-04", "lab06-04.csproj", "{EF9998A9-9C9E-4B90-AC62-334DDE80E05C}"
EndProject
Global
	GlobalSection(SolutionConfigurationPlatforms) = preSolution
		Debug|Any CPU = Debug|Any CPU
		Release|Any CPU = Release|Any CPU
	EndGlobalSection
	GlobalSection(ProjectConfigurationPlatforms) = postSolution
		{EF9998A9-9C9E-4B90-AC62-334DDE80E05C}.Debug|Any CPU.ActiveCfg = Debug|Any CPU
		{EF9998A9-9C9E-4B90-AC62-334DDE80E05C}.Debug|Any CPU.Build.0 = Debug|Any CPU
		{EF9998A9-9C9E-4B90-AC62-334DDE80E05C}.Release|Any CPU.ActiveCfg = Release|Any CPU
		{EF9998A9-9C9E-4B90-AC62-334DDE80E05C}.Release|Any CPU.Build.0 = Release|Any CPU
	EndGlobalSection
	GlobalSection(SolutionProperties) = preSolution
		HideSolutionNode = FALSE
	EndGlobalSection
	GlobalSection(ExtensibilityGlobals) = postSolution
		SolutionGuid = {DDE6EAC3-CF6E-4501-AC7A-A04838947253}
	EndGlobalSection
EndGlobal
